
Microsoft Visual Studio Solution File, Format Version 12.00
# Visual Studio 2013
VisualStudioVersion = 12.0.30324.0
MinimumVisualStudioVersion = 10.0.40219.1
Project("{FAE04EC0-301F-11D3-BF4B-00C04F79EFBC}") = "Week3Ex3", "Week3Ex3\Week3Ex3.csproj", "{596939C9-9980-4AE7-959B-8489F1DF0CA9}"
EndProject
Project("{FAE04EC0-301F-11D3-BF4B-00C04F79EFBC}") = "Week3Ex2", "Week3Ex2\Week3Ex2.csproj", "{1559E1B1-F726-4349-B9E3-70AD90EDA1F5}"
EndProject
Project("{FAE04EC0-301F-11D3-BF4B-00C04F79EFBC}") = "Week3Ex1", "Week3Ex1\Week3Ex1.csproj", "{F31A3B6F-AD0A-47AC-8420-93838A05FB80}"
EndProject
Global
	GlobalSection(SolutionConfigurationPlatforms) = preSolution
		Debug|Any CPU = Debug|Any CPU
		Release|Any CPU = Release|Any CPU
	EndGlobalSection
	GlobalSection(ProjectConfigurationPlatforms) = postSolution
		{596939C9-9980-4AE7-959B-8489F1DF0CA9}.Debug|Any CPU.ActiveCfg = Debug|Any CPU
		{596939C9-9980-4AE7-959B-8489F1DF0CA9}.Debug|Any CPU.Build.0 = Debug|Any CPU
		{596939C9-9980-4AE7-959B-8489F1DF0CA9}.Release|Any CPU.ActiveCfg = Release|Any CPU
		{596939C9-9980-4AE7-959B-8489F1DF0CA9}.Release|Any CPU.Build.0 = Release|Any CPU
		{1559E1B1-F726-4349-B9E3-70AD90EDA1F5}.Debug|Any CPU.ActiveCfg = Debug|Any CPU
		{1559E1B1-F726-4349-B9E3-70AD90EDA1F5}.Debug|Any CPU.Build.0 = Debug|Any CPU
		{1559E1B1-F726-4349-B9E3-70AD90EDA1F5}.Release|Any CPU.ActiveCfg = Release|Any CPU
		{1559E1B1-F726-4349-B9E3-70AD90EDA1F5}.Release|Any CPU.Build.0 = Release|Any CPU
		{F31A3B6F-AD0A-47AC-8420-93838A05FB80}.Debug|Any CPU.ActiveCfg = Debug|Any CPU
		{F31A3B6F-AD0A-47AC-8420-93838A05FB80}.Debug|Any CPU.Build.0 = Debug|Any CPU
		{F31A3B6F-AD0A-47AC-8420-93838A05FB80}.Release|Any CPU.ActiveCfg = Release|Any CPU
		{F31A3B6F-AD0A-47AC-8420-93838A05FB80}.Release|Any CPU.Build.0 = Release|Any CPU
	EndGlobalSection
	GlobalSection(SolutionProperties) = preSolution
		HideSolutionNode = FALSE
	EndGlobalSection
EndGlobal
